// !$*UTF8*$!
{
	archiveVersion = 1;
	classes = {
	};
	objectVersion = 46;
	objects = {

/* Begin PBXBuildFile section */
		54C0BF241C91E22D00D6A9E8 /* AppDelegate.swift in Sources */ = {isa = PBXBuildFile; fileRef = 54C0BF231C91E22D00D6A9E8 /* AppDelegate.swift */; };
		54C0BF291C91E22D00D6A9E8 /* Main.storyboard in Resources */ = {isa = PBXBuildFile; fileRef = 54C0BF271C91E22D00D6A9E8 /* Main.storyboard */; };
		54C0BF2B1C91E22D00D6A9E8 /* Assets.xcassets in Resources */ = {isa = PBXBuildFile; fileRef = 54C0BF2A1C91E22D00D6A9E8 /* Assets.xcassets */; };
		54C0BF2E1C91E22D00D6A9E8 /* LaunchScreen.storyboard in Resources */ = {isa = PBXBuildFile; fileRef = 54C0BF2C1C91E22D00D6A9E8 /* LaunchScreen.storyboard */; };
		54C0BF391C91E22D00D6A9E8 /* ShoppingTests.swift in Sources */ = {isa = PBXBuildFile; fileRef = 54C0BF381C91E22D00D6A9E8 /* ShoppingTests.swift */; };
		54C0BF441C91E22D00D6A9E8 /* ShoppingUITests.swift in Sources */ = {isa = PBXBuildFile; fileRef = 54C0BF431C91E22D00D6A9E8 /* ShoppingUITests.swift */; };
		54C0BF541C91E28C00D6A9E8 /* Product.swift in Sources */ = {isa = PBXBuildFile; fileRef = 54C0BF531C91E28C00D6A9E8 /* Product.swift */; };
		54C0BF551C91E28C00D6A9E8 /* Product.swift in Sources */ = {isa = PBXBuildFile; fileRef = 54C0BF531C91E28C00D6A9E8 /* Product.swift */; };
		54C0BF561C91E28C00D6A9E8 /* Product.swift in Sources */ = {isa = PBXBuildFile; fileRef = 54C0BF531C91E28C00D6A9E8 /* Product.swift */; };
		54C0BF581C91E3C500D6A9E8 /* Price.swift in Sources */ = {isa = PBXBuildFile; fileRef = 54C0BF571C91E3C500D6A9E8 /* Price.swift */; };
		54C0BF591C91E3C500D6A9E8 /* Price.swift in Sources */ = {isa = PBXBuildFile; fileRef = 54C0BF571C91E3C500D6A9E8 /* Price.swift */; };
		54C0BF5A1C91E3C500D6A9E8 /* Price.swift in Sources */ = {isa = PBXBuildFile; fileRef = 54C0BF571C91E3C500D6A9E8 /* Price.swift */; };
		54C0BF5D1C91E60A00D6A9E8 /* PriceConverter.swift in Sources */ = {isa = PBXBuildFile; fileRef = 54C0BF5C1C91E60A00D6A9E8 /* PriceConverter.swift */; };
		54C0BF5E1C91E60A00D6A9E8 /* PriceConverter.swift in Sources */ = {isa = PBXBuildFile; fileRef = 54C0BF5C1C91E60A00D6A9E8 /* PriceConverter.swift */; };
		54C0BF5F1C91E60A00D6A9E8 /* PriceConverter.swift in Sources */ = {isa = PBXBuildFile; fileRef = 54C0BF5C1C91E60A00D6A9E8 /* PriceConverter.swift */; };
		54C0BF611C91EC2400D6A9E8 /* Constants.swift in Sources */ = {isa = PBXBuildFile; fileRef = 54C0BF601C91EC2400D6A9E8 /* Constants.swift */; };
		54C0BF621C91EC2400D6A9E8 /* Constants.swift in Sources */ = {isa = PBXBuildFile; fileRef = 54C0BF601C91EC2400D6A9E8 /* Constants.swift */; };
		54C0BF631C91EC2400D6A9E8 /* Constants.swift in Sources */ = {isa = PBXBuildFile; fileRef = 54C0BF601C91EC2400D6A9E8 /* Constants.swift */; };
		54C0BF651C91F91700D6A9E8 /* Currency.swift in Sources */ = {isa = PBXBuildFile; fileRef = 54C0BF641C91F91700D6A9E8 /* Currency.swift */; };
		54C0BF661C91F91700D6A9E8 /* Currency.swift in Sources */ = {isa = PBXBuildFile; fileRef = 54C0BF641C91F91700D6A9E8 /* Currency.swift */; };
		54C0BF671C91F91700D6A9E8 /* Currency.swift in Sources */ = {isa = PBXBuildFile; fileRef = 54C0BF641C91F91700D6A9E8 /* Currency.swift */; };
		54C0BF6A1C92007400D6A9E8 /* Server.swift in Sources */ = {isa = PBXBuildFile; fileRef = 54C0BF691C92007400D6A9E8 /* Server.swift */; };
		54C0BF6B1C92007400D6A9E8 /* Server.swift in Sources */ = {isa = PBXBuildFile; fileRef = 54C0BF691C92007400D6A9E8 /* Server.swift */; };
		54C0BF6C1C92007400D6A9E8 /* Server.swift in Sources */ = {isa = PBXBuildFile; fileRef = 54C0BF691C92007400D6A9E8 /* Server.swift */; };
		54C0BF6E1C92009700D6A9E8 /* JSONParser.swift in Sources */ = {isa = PBXBuildFile; fileRef = 54C0BF6D1C92009700D6A9E8 /* JSONParser.swift */; };
		54C0BF6F1C92009700D6A9E8 /* JSONParser.swift in Sources */ = {isa = PBXBuildFile; fileRef = 54C0BF6D1C92009700D6A9E8 /* JSONParser.swift */; };
		54C0BF701C92009700D6A9E8 /* JSONParser.swift in Sources */ = {isa = PBXBuildFile; fileRef = 54C0BF6D1C92009700D6A9E8 /* JSONParser.swift */; };
		54C0BF761C92047100D6A9E8 /* ExchangeRate.swift in Sources */ = {isa = PBXBuildFile; fileRef = 54C0BF751C92047100D6A9E8 /* ExchangeRate.swift */; };
		54C0BF771C92047100D6A9E8 /* ExchangeRate.swift in Sources */ = {isa = PBXBuildFile; fileRef = 54C0BF751C92047100D6A9E8 /* ExchangeRate.swift */; };
		54C0BF781C92047100D6A9E8 /* ExchangeRate.swift in Sources */ = {isa = PBXBuildFile; fileRef = 54C0BF751C92047100D6A9E8 /* ExchangeRate.swift */; };
		54C0BF7A1C92079D00D6A9E8 /* MockServer.swift in Sources */ = {isa = PBXBuildFile; fileRef = 54C0BF791C92079D00D6A9E8 /* MockServer.swift */; };
		54C0BF7B1C92079D00D6A9E8 /* MockServer.swift in Sources */ = {isa = PBXBuildFile; fileRef = 54C0BF791C92079D00D6A9E8 /* MockServer.swift */; };
		54C0BF7C1C92079D00D6A9E8 /* MockServer.swift in Sources */ = {isa = PBXBuildFile; fileRef = 54C0BF791C92079D00D6A9E8 /* MockServer.swift */; };
		54C0BF7E1C920CAC00D6A9E8 /* PriceConverterTests.swift in Sources */ = {isa = PBXBuildFile; fileRef = 54C0BF7D1C920CAC00D6A9E8 /* PriceConverterTests.swift */; };
		54C0BF801C92AAE400D6A9E8 /* MockServerTest.swift in Sources */ = {isa = PBXBuildFile; fileRef = 54C0BF7F1C92AAE400D6A9E8 /* MockServerTest.swift */; };
		54C0BF831C92BB1500D6A9E8 /* ServerTests.swift in Sources */ = {isa = PBXBuildFile; fileRef = 54C0BF821C92BB1500D6A9E8 /* ServerTests.swift */; };
		54C0BF851C92C38800D6A9E8 /* ExchangeRates.swift in Sources */ = {isa = PBXBuildFile; fileRef = 54C0BF841C92C38800D6A9E8 /* ExchangeRates.swift */; };
		54C0BF861C92C38800D6A9E8 /* ExchangeRates.swift in Sources */ = {isa = PBXBuildFile; fileRef = 54C0BF841C92C38800D6A9E8 /* ExchangeRates.swift */; };
		54C0BF871C92C38800D6A9E8 /* ExchangeRates.swift in Sources */ = {isa = PBXBuildFile; fileRef = 54C0BF841C92C38800D6A9E8 /* ExchangeRates.swift */; };
		54FE745E1C92E30E0086C825 /* ProductListViewController.swift in Sources */ = {isa = PBXBuildFile; fileRef = 54FE745D1C92E30E0086C825 /* ProductListViewController.swift */; };
		54FE74611C92E6150086C825 /* ProductTableViewCell.swift in Sources */ = {isa = PBXBuildFile; fileRef = 54FE74601C92E6150086C825 /* ProductTableViewCell.swift */; };
		54FE74631C92F8E70086C825 /* Bag.swift in Sources */ = {isa = PBXBuildFile; fileRef = 54FE74621C92F8E70086C825 /* Bag.swift */; };
		54FE74641C92F8E70086C825 /* Bag.swift in Sources */ = {isa = PBXBuildFile; fileRef = 54FE74621C92F8E70086C825 /* Bag.swift */; };
		54FE74661C93038D0086C825 /* ProductDetailViewController.swift in Sources */ = {isa = PBXBuildFile; fileRef = 54FE74651C93038D0086C825 /* ProductDetailViewController.swift */; };
		54FE74671C93038D0086C825 /* ProductDetailViewController.swift in Sources */ = {isa = PBXBuildFile; fileRef = 54FE74651C93038D0086C825 /* ProductDetailViewController.swift */; };
/* End PBXBuildFile section */

/* Begin PBXContainerItemProxy section */
		54C0BF351C91E22D00D6A9E8 /* PBXContainerItemProxy */ = {
			isa = PBXContainerItemProxy;
			containerPortal = 54C0BF181C91E22D00D6A9E8 /* Project object */;
			proxyType = 1;
			remoteGlobalIDString = 54C0BF1F1C91E22D00D6A9E8;
			remoteInfo = Shopping;
		};
		54C0BF401C91E22D00D6A9E8 /* PBXContainerItemProxy */ = {
			isa = PBXContainerItemProxy;
			containerPortal = 54C0BF181C91E22D00D6A9E8 /* Project object */;
			proxyType = 1;
			remoteGlobalIDString = 54C0BF1F1C91E22D00D6A9E8;
			remoteInfo = Shopping;
		};
/* End PBXContainerItemProxy section */

/* Begin PBXFileReference section */
		54C0BF201C91E22D00D6A9E8 /* Shopping.app */ = {isa = PBXFileReference; explicitFileType = wrapper.application; includeInIndex = 0; path = Shopping.app; sourceTree = BUILT_PRODUCTS_DIR; };
		54C0BF231C91E22D00D6A9E8 /* AppDelegate.swift */ = {isa = PBXFileReference; lastKnownFileType = sourcecode.swift; path = AppDelegate.swift; sourceTree = "<group>"; };
		54C0BF281C91E22D00D6A9E8 /* Base */ = {isa = PBXFileReference; lastKnownFileType = file.storyboard; name = Base; path = Base.lproj/Main.storyboard; sourceTree = "<group>"; };
		54C0BF2A1C91E22D00D6A9E8 /* Assets.xcassets */ = {isa = PBXFileReference; lastKnownFileType = folder.assetcatalog; path = Assets.xcassets; sourceTree = "<group>"; };
		54C0BF2D1C91E22D00D6A9E8 /* Base */ = {isa = PBXFileReference; lastKnownFileType = file.storyboard; name = Base; path = Base.lproj/LaunchScreen.storyboard; sourceTree = "<group>"; };
		54C0BF2F1C91E22D00D6A9E8 /* Info.plist */ = {isa = PBXFileReference; lastKnownFileType = text.plist.xml; path = Info.plist; sourceTree = "<group>"; };
		54C0BF341C91E22D00D6A9E8 /* ShoppingTests.xctest */ = {isa = PBXFileReference; explicitFileType = wrapper.cfbundle; includeInIndex = 0; path = ShoppingTests.xctest; sourceTree = BUILT_PRODUCTS_DIR; };
		54C0BF381C91E22D00D6A9E8 /* ShoppingTests.swift */ = {isa = PBXFileReference; lastKnownFileType = sourcecode.swift; path = ShoppingTests.swift; sourceTree = "<group>"; };
		54C0BF3A1C91E22D00D6A9E8 /* Info.plist */ = {isa = PBXFileReference; lastKnownFileType = text.plist.xml; path = Info.plist; sourceTree = "<group>"; };
		54C0BF3F1C91E22D00D6A9E8 /* ShoppingUITests.xctest */ = {isa = PBXFileReference; explicitFileType = wrapper.cfbundle; includeInIndex = 0; path = ShoppingUITests.xctest; sourceTree = BUILT_PRODUCTS_DIR; };
		54C0BF431C91E22D00D6A9E8 /* ShoppingUITests.swift */ = {isa = PBXFileReference; lastKnownFileType = sourcecode.swift; path = ShoppingUITests.swift; sourceTree = "<group>"; };
		54C0BF451C91E22D00D6A9E8 /* Info.plist */ = {isa = PBXFileReference; lastKnownFileType = text.plist.xml; path = Info.plist; sourceTree = "<group>"; };
		54C0BF531C91E28C00D6A9E8 /* Product.swift */ = {isa = PBXFileReference; fileEncoding = 4; lastKnownFileType = sourcecode.swift; path = Product.swift; sourceTree = "<group>"; };
		54C0BF571C91E3C500D6A9E8 /* Price.swift */ = {isa = PBXFileReference; fileEncoding = 4; lastKnownFileType = sourcecode.swift; path = Price.swift; sourceTree = "<group>"; };
		54C0BF5C1C91E60A00D6A9E8 /* PriceConverter.swift */ = {isa = PBXFileReference; fileEncoding = 4; lastKnownFileType = sourcecode.swift; path = PriceConverter.swift; sourceTree = "<group>"; };
		54C0BF601C91EC2400D6A9E8 /* Constants.swift */ = {isa = PBXFileReference; fileEncoding = 4; lastKnownFileType = sourcecode.swift; path = Constants.swift; sourceTree = "<group>"; };
		54C0BF641C91F91700D6A9E8 /* Currency.swift */ = {isa = PBXFileReference; fileEncoding = 4; lastKnownFileType = sourcecode.swift; path = Currency.swift; sourceTree = "<group>"; };
		54C0BF691C92007400D6A9E8 /* Server.swift */ = {isa = PBXFileReference; fileEncoding = 4; lastKnownFileType = sourcecode.swift; path = Server.swift; sourceTree = "<group>"; };
		54C0BF6D1C92009700D6A9E8 /* JSONParser.swift */ = {isa = PBXFileReference; fileEncoding = 4; lastKnownFileType = sourcecode.swift; path = JSONParser.swift; sourceTree = "<group>"; };
		54C0BF751C92047100D6A9E8 /* ExchangeRate.swift */ = {isa = PBXFileReference; fileEncoding = 4; lastKnownFileType = sourcecode.swift; path = ExchangeRate.swift; sourceTree = "<group>"; };
		54C0BF791C92079D00D6A9E8 /* MockServer.swift */ = {isa = PBXFileReference; fileEncoding = 4; lastKnownFileType = sourcecode.swift; path = MockServer.swift; sourceTree = "<group>"; };
		54C0BF7D1C920CAC00D6A9E8 /* PriceConverterTests.swift */ = {isa = PBXFileReference; fileEncoding = 4; lastKnownFileType = sourcecode.swift; path = PriceConverterTests.swift; sourceTree = "<group>"; };
		54C0BF7F1C92AAE400D6A9E8 /* MockServerTest.swift */ = {isa = PBXFileReference; fileEncoding = 4; lastKnownFileType = sourcecode.swift; path = MockServerTest.swift; sourceTree = "<group>"; };
		54C0BF821C92BB1500D6A9E8 /* ServerTests.swift */ = {isa = PBXFileReference; fileEncoding = 4; lastKnownFileType = sourcecode.swift; path = ServerTests.swift; sourceTree = "<group>"; };
		54C0BF841C92C38800D6A9E8 /* ExchangeRates.swift */ = {isa = PBXFileReference; fileEncoding = 4; lastKnownFileType = sourcecode.swift; path = ExchangeRates.swift; sourceTree = "<group>"; };
		54FE745D1C92E30E0086C825 /* ProductListViewController.swift */ = {isa = PBXFileReference; fileEncoding = 4; lastKnownFileType = sourcecode.swift; path = ProductListViewController.swift; sourceTree = "<group>"; };
		54FE74601C92E6150086C825 /* ProductTableViewCell.swift */ = {isa = PBXFileReference; fileEncoding = 4; lastKnownFileType = sourcecode.swift; path = ProductTableViewCell.swift; sourceTree = "<group>"; };
		54FE74621C92F8E70086C825 /* Bag.swift */ = {isa = PBXFileReference; fileEncoding = 4; lastKnownFileType = sourcecode.swift; path = Bag.swift; sourceTree = "<group>"; };
		54FE74651C93038D0086C825 /* ProductDetailViewController.swift */ = {isa = PBXFileReference; fileEncoding = 4; lastKnownFileType = sourcecode.swift; path = ProductDetailViewController.swift; sourceTree = "<group>"; };
/* End PBXFileReference section */

/* Begin PBXFrameworksBuildPhase section */
		54C0BF1D1C91E22D00D6A9E8 /* Frameworks */ = {
			isa = PBXFrameworksBuildPhase;
			buildActionMask = 2147483647;
			files = (
			);
			runOnlyForDeploymentPostprocessing = 0;
		};
		54C0BF311C91E22D00D6A9E8 /* Frameworks */ = {
			isa = PBXFrameworksBuildPhase;
			buildActionMask = 2147483647;
			files = (
			);
			runOnlyForDeploymentPostprocessing = 0;
		};
		54C0BF3C1C91E22D00D6A9E8 /* Frameworks */ = {
			isa = PBXFrameworksBuildPhase;
			buildActionMask = 2147483647;
			files = (
			);
			runOnlyForDeploymentPostprocessing = 0;
		};
/* End PBXFrameworksBuildPhase section */

/* Begin PBXGroup section */
		54C0BF171C91E22D00D6A9E8 = {
			isa = PBXGroup;
			children = (
				54C0BF221C91E22D00D6A9E8 /* Shopping */,
				54C0BF371C91E22D00D6A9E8 /* ShoppingTests */,
				54C0BF421C91E22D00D6A9E8 /* ShoppingUITests */,
				54C0BF211C91E22D00D6A9E8 /* Products */,
			);
			sourceTree = "<group>";
		};
		54C0BF211C91E22D00D6A9E8 /* Products */ = {
			isa = PBXGroup;
			children = (
				54C0BF201C91E22D00D6A9E8 /* Shopping.app */,
				54C0BF341C91E22D00D6A9E8 /* ShoppingTests.xctest */,
				54C0BF3F1C91E22D00D6A9E8 /* ShoppingUITests.xctest */,
			);
			name = Products;
			sourceTree = "<group>";
		};
		54C0BF221C91E22D00D6A9E8 /* Shopping */ = {
			isa = PBXGroup;
			children = (
				54C0BF681C91FF6000D6A9E8 /* Networking */,
				54C0BF5B1C91E5E700D6A9E8 /* Utils */,
				54C0BF521C91E25700D6A9E8 /* View controllers */,
				54C0BF511C91E25000D6A9E8 /* Model */,
				54C0BF231C91E22D00D6A9E8 /* AppDelegate.swift */,
				54C0BF271C91E22D00D6A9E8 /* Main.storyboard */,
				54C0BF2A1C91E22D00D6A9E8 /* Assets.xcassets */,
				54C0BF2C1C91E22D00D6A9E8 /* LaunchScreen.storyboard */,
				54C0BF2F1C91E22D00D6A9E8 /* Info.plist */,
			);
			path = Shopping;
			sourceTree = "<group>";
		};
		54C0BF371C91E22D00D6A9E8 /* ShoppingTests */ = {
			isa = PBXGroup;
			children = (
				54C0BF381C91E22D00D6A9E8 /* ShoppingTests.swift */,
				54C0BF3A1C91E22D00D6A9E8 /* Info.plist */,
				54C0BF7D1C920CAC00D6A9E8 /* PriceConverterTests.swift */,
				54C0BF7F1C92AAE400D6A9E8 /* MockServerTest.swift */,
				54C0BF821C92BB1500D6A9E8 /* ServerTests.swift */,
			);
			path = ShoppingTests;
			sourceTree = "<group>";
		};
		54C0BF421C91E22D00D6A9E8 /* ShoppingUITests */ = {
			isa = PBXGroup;
			children = (
				54C0BF431C91E22D00D6A9E8 /* ShoppingUITests.swift */,
				54C0BF451C91E22D00D6A9E8 /* Info.plist */,
			);
			path = ShoppingUITests;
			sourceTree = "<group>";
		};
		54C0BF511C91E25000D6A9E8 /* Model */ = {
			isa = PBXGroup;
			children = (
				54C0BF531C91E28C00D6A9E8 /* Product.swift */,
				54C0BF571C91E3C500D6A9E8 /* Price.swift */,
				54C0BF641C91F91700D6A9E8 /* Currency.swift */,
				54C0BF751C92047100D6A9E8 /* ExchangeRate.swift */,
				54C0BF841C92C38800D6A9E8 /* ExchangeRates.swift */,
				54FE74621C92F8E70086C825 /* Bag.swift */,
			);
			name = Model;
			sourceTree = "<group>";
		};
		54C0BF521C91E25700D6A9E8 /* View controllers */ = {
			isa = PBXGroup;
			children = (
				54FE745F1C92E5F70086C825 /* Table view cell */,
				54FE745D1C92E30E0086C825 /* ProductListViewController.swift */,
				54FE74651C93038D0086C825 /* ProductDetailViewController.swift */,
			);
			name = "View controllers";
			sourceTree = "<group>";
		};
		54C0BF5B1C91E5E700D6A9E8 /* Utils */ = {
			isa = PBXGroup;
			children = (
				54C0BF6D1C92009700D6A9E8 /* JSONParser.swift */,
				54C0BF5C1C91E60A00D6A9E8 /* PriceConverter.swift */,
				54C0BF601C91EC2400D6A9E8 /* Constants.swift */,
			);
			name = Utils;
			sourceTree = "<group>";
		};
		54C0BF681C91FF6000D6A9E8 /* Networking */ = {
			isa = PBXGroup;
			children = (
				54C0BF811C92B9CD00D6A9E8 /* mock */,
				54C0BF691C92007400D6A9E8 /* Server.swift */,
			);
			name = Networking;
			sourceTree = "<group>";
		};
		54C0BF811C92B9CD00D6A9E8 /* mock */ = {
			isa = PBXGroup;
			children = (
				54C0BF791C92079D00D6A9E8 /* MockServer.swift */,
			);
			name = mock;
			sourceTree = "<group>";
		};
		54FE745F1C92E5F70086C825 /* Table view cell */ = {
			isa = PBXGroup;
			children = (
				54FE74601C92E6150086C825 /* ProductTableViewCell.swift */,
			);
			name = "Table view cell";
			sourceTree = "<group>";
		};
/* End PBXGroup section */

/* Begin PBXNativeTarget section */
		54C0BF1F1C91E22D00D6A9E8 /* Shopping */ = {
			isa = PBXNativeTarget;
			buildConfigurationList = 54C0BF481C91E22D00D6A9E8 /* Build configuration list for PBXNativeTarget "Shopping" */;
			buildPhases = (
				54C0BF1C1C91E22D00D6A9E8 /* Sources */,
				54C0BF1D1C91E22D00D6A9E8 /* Frameworks */,
				54C0BF1E1C91E22D00D6A9E8 /* Resources */,
			);
			buildRules = (
			);
			dependencies = (
			);
			name = Shopping;
			productName = Shopping;
			productReference = 54C0BF201C91E22D00D6A9E8 /* Shopping.app */;
			productType = "com.apple.product-type.application";
		};
		54C0BF331C91E22D00D6A9E8 /* ShoppingTests */ = {
			isa = PBXNativeTarget;
			buildConfigurationList = 54C0BF4B1C91E22D00D6A9E8 /* Build configuration list for PBXNativeTarget "ShoppingTests" */;
			buildPhases = (
				54C0BF301C91E22D00D6A9E8 /* Sources */,
				54C0BF311C91E22D00D6A9E8 /* Frameworks */,
				54C0BF321C91E22D00D6A9E8 /* Resources */,
			);
			buildRules = (
			);
			dependencies = (
				54C0BF361C91E22D00D6A9E8 /* PBXTargetDependency */,
			);
			name = ShoppingTests;
			productName = ShoppingTests;
			productReference = 54C0BF341C91E22D00D6A9E8 /* ShoppingTests.xctest */;
			productType = "com.apple.product-type.bundle.unit-test";
		};
		54C0BF3E1C91E22D00D6A9E8 /* ShoppingUITests */ = {
			isa = PBXNativeTarget;
			buildConfigurationList = 54C0BF4E1C91E22D00D6A9E8 /* Build configuration list for PBXNativeTarget "ShoppingUITests" */;
			buildPhases = (
				54C0BF3B1C91E22D00D6A9E8 /* Sources */,
				54C0BF3C1C91E22D00D6A9E8 /* Frameworks */,
				54C0BF3D1C91E22D00D6A9E8 /* Resources */,
			);
			buildRules = (
			);
			dependencies = (
				54C0BF411C91E22D00D6A9E8 /* PBXTargetDependency */,
			);
			name = ShoppingUITests;
			productName = ShoppingUITests;
			productReference = 54C0BF3F1C91E22D00D6A9E8 /* ShoppingUITests.xctest */;
			productType = "com.apple.product-type.bundle.ui-testing";
		};
/* End PBXNativeTarget section */

/* Begin PBXProject section */
		54C0BF181C91E22D00D6A9E8 /* Project object */ = {
			isa = PBXProject;
			attributes = {
				LastSwiftUpdateCheck = 0720;
				LastUpgradeCheck = 0720;
				ORGANIZATIONNAME = "Roland Michelberger";
				TargetAttributes = {
					54C0BF1F1C91E22D00D6A9E8 = {
						CreatedOnToolsVersion = 7.2.1;
					};
					54C0BF331C91E22D00D6A9E8 = {
						CreatedOnToolsVersion = 7.2.1;
						TestTargetID = 54C0BF1F1C91E22D00D6A9E8;
					};
					54C0BF3E1C91E22D00D6A9E8 = {
						CreatedOnToolsVersion = 7.2.1;
						TestTargetID = 54C0BF1F1C91E22D00D6A9E8;
					};
				};
			};
			buildConfigurationList = 54C0BF1B1C91E22D00D6A9E8 /* Build configuration list for PBXProject "Shopping" */;
			compatibilityVersion = "Xcode 3.2";
			developmentRegion = English;
			hasScannedForEncodings = 0;
			knownRegions = (
				en,
				Base,
			);
			mainGroup = 54C0BF171C91E22D00D6A9E8;
			productRefGroup = 54C0BF211C91E22D00D6A9E8 /* Products */;
			projectDirPath = "";
			projectRoot = "";
			targets = (
				54C0BF1F1C91E22D00D6A9E8 /* Shopping */,
				54C0BF331C91E22D00D6A9E8 /* ShoppingTests */,
				54C0BF3E1C91E22D00D6A9E8 /* ShoppingUITests */,
			);
		};
/* End PBXProject section */

/* Begin PBXResourcesBuildPhase section */
		54C0BF1E1C91E22D00D6A9E8 /* Resources */ = {
			isa = PBXResourcesBuildPhase;
			buildActionMask = 2147483647;
			files = (
				54C0BF2E1C91E22D00D6A9E8 /* LaunchScreen.storyboard in Resources */,
				54C0BF2B1C91E22D00D6A9E8 /* Assets.xcassets in Resources */,
				54C0BF291C91E22D00D6A9E8 /* Main.storyboard in Resources */,
			);
			runOnlyForDeploymentPostprocessing = 0;
		};
		54C0BF321C91E22D00D6A9E8 /* Resources */ = {
			isa = PBXResourcesBuildPhase;
			buildActionMask = 2147483647;
			files = (
			);
			runOnlyForDeploymentPostprocessing = 0;
		};
		54C0BF3D1C91E22D00D6A9E8 /* Resources */ = {
			isa = PBXResourcesBuildPhase;
			buildActionMask = 2147483647;
			files = (
			);
			runOnlyForDeploymentPostprocessing = 0;
		};
/* End PBXResourcesBuildPhase section */

/* Begin PBXSourcesBuildPhase section */
		54C0BF1C1C91E22D00D6A9E8 /* Sources */ = {
			isa = PBXSourcesBuildPhase;
			buildActionMask = 2147483647;
			files = (
				54C0BF5D1C91E60A00D6A9E8 /* PriceConverter.swift in Sources */,
				54C0BF6E1C92009700D6A9E8 /* JSONParser.swift in Sources */,
				54FE74661C93038D0086C825 /* ProductDetailViewController.swift in Sources */,
				54FE74631C92F8E70086C825 /* Bag.swift in Sources */,
				54C0BF581C91E3C500D6A9E8 /* Price.swift in Sources */,
				54C0BF851C92C38800D6A9E8 /* ExchangeRates.swift in Sources */,
				54C0BF241C91E22D00D6A9E8 /* AppDelegate.swift in Sources */,
				54C0BF7A1C92079D00D6A9E8 /* MockServer.swift in Sources */,
				54C0BF541C91E28C00D6A9E8 /* Product.swift in Sources */,
				54FE74611C92E6150086C825 /* ProductTableViewCell.swift in Sources */,
				54C0BF651C91F91700D6A9E8 /* Currency.swift in Sources */,
				54C0BF6A1C92007400D6A9E8 /* Server.swift in Sources */,
				54FE745E1C92E30E0086C825 /* ProductListViewController.swift in Sources */,
				54C0BF761C92047100D6A9E8 /* ExchangeRate.swift in Sources */,
				54C0BF611C91EC2400D6A9E8 /* Constants.swift in Sources */,
			);
			runOnlyForDeploymentPostprocessing = 0;
		};
		54C0BF301C91E22D00D6A9E8 /* Sources */ = {
			isa = PBXSourcesBuildPhase;
			buildActionMask = 2147483647;
			files = (
				54C0BF801C92AAE400D6A9E8 /* MockServerTest.swift in Sources */,
				54C0BF6B1C92007400D6A9E8 /* Server.swift in Sources */,
				54C0BF661C91F91700D6A9E8 /* Currency.swift in Sources */,
				54C0BF6F1C92009700D6A9E8 /* JSONParser.swift in Sources */,
				54C0BF861C92C38800D6A9E8 /* ExchangeRates.swift in Sources */,
				54C0BF621C91EC2400D6A9E8 /* Constants.swift in Sources */,
				54C0BF391C91E22D00D6A9E8 /* ShoppingTests.swift in Sources */,
				54C0BF551C91E28C00D6A9E8 /* Product.swift in Sources */,
				54C0BF7E1C920CAC00D6A9E8 /* PriceConverterTests.swift in Sources */,
				54C0BF7B1C92079D00D6A9E8 /* MockServer.swift in Sources */,
				54FE74641C92F8E70086C825 /* Bag.swift in Sources */,
				54C0BF831C92BB1500D6A9E8 /* ServerTests.swift in Sources */,
				54C0BF771C92047100D6A9E8 /* ExchangeRate.swift in Sources */,
				54C0BF5E1C91E60A00D6A9E8 /* PriceConverter.swift in Sources */,
				54C0BF591C91E3C500D6A9E8 /* Price.swift in Sources */,
			);
			runOnlyForDeploymentPostprocessing = 0;
		};
		54C0BF3B1C91E22D00D6A9E8 /* Sources */ = {
			isa = PBXSourcesBuildPhase;
			buildActionMask = 2147483647;
			files = (
				54C0BF6C1C92007400D6A9E8 /* Server.swift in Sources */,
				54C0BF671C91F91700D6A9E8 /* Currency.swift in Sources */,
				54C0BF701C92009700D6A9E8 /* JSONParser.swift in Sources */,
				54C0BF631C91EC2400D6A9E8 /* Constants.swift in Sources */,
				54C0BF441C91E22D00D6A9E8 /* ShoppingUITests.swift in Sources */,
				54FE74671C93038D0086C825 /* ProductDetailViewController.swift in Sources */,
				54C0BF561C91E28C00D6A9E8 /* Product.swift in Sources */,
				54C0BF7C1C92079D00D6A9E8 /* MockServer.swift in Sources */,
				54C0BF781C92047100D6A9E8 /* ExchangeRate.swift in Sources */,
				54C0BF5F1C91E60A00D6A9E8 /* PriceConverter.swift in Sources */,
				54C0BF5A1C91E3C500D6A9E8 /* Price.swift in Sources */,
				54C0BF871C92C38800D6A9E8 /* ExchangeRates.swift in Sources */,
			);
			runOnlyForDeploymentPostprocessing = 0;
		};
/* End PBXSourcesBuildPhase section */

/* Begin PBXTargetDependency section */
		54C0BF361C91E22D00D6A9E8 /* PBXTargetDependency */ = {
			isa = PBXTargetDependency;
			target = 54C0BF1F1C91E22D00D6A9E8 /* Shopping */;
			targetProxy = 54C0BF351C91E22D00D6A9E8 /* PBXContainerItemProxy */;
		};
		54C0BF411C91E22D00D6A9E8 /* PBXTargetDependency */ = {
			isa = PBXTargetDependency;
			target = 54C0BF1F1C91E22D00D6A9E8 /* Shopping */;
			targetProxy = 54C0BF401C91E22D00D6A9E8 /* PBXContainerItemProxy */;
		};
/* End PBXTargetDependency section */

/* Begin PBXVariantGroup section */
		54C0BF271C91E22D00D6A9E8 /* Main.storyboard */ = {
			isa = PBXVariantGroup;
			children = (
				54C0BF281C91E22D00D6A9E8 /* Base */,
			);
			name = Main.storyboard;
			sourceTree = "<group>";
		};
		54C0BF2C1C91E22D00D6A9E8 /* LaunchScreen.storyboard */ = {
			isa = PBXVariantGroup;
			children = (
				54C0BF2D1C91E22D00D6A9E8 /* Base */,
			);
			name = LaunchScreen.storyboard;
			sourceTree = "<group>";
		};
/* End PBXVariantGroup section */

/* Begin XCBuildConfiguration section */
		54C0BF461C91E22D00D6A9E8 /* Debug */ = {
			isa = XCBuildConfiguration;
			buildSettings = {
				ALWAYS_SEARCH_USER_PATHS = NO;
				CLANG_CXX_LANGUAGE_STANDARD = "gnu++0x";
				CLANG_CXX_LIBRARY = "libc++";
				CLANG_ENABLE_MODULES = YES;
				CLANG_ENABLE_OBJC_ARC = YES;
				CLANG_WARN_BOOL_CONVERSION = YES;
				CLANG_WARN_CONSTANT_CONVERSION = YES;
				CLANG_WARN_DIRECT_OBJC_ISA_USAGE = YES_ERROR;
				CLANG_WARN_EMPTY_BODY = YES;
				CLANG_WARN_ENUM_CONVERSION = YES;
				CLANG_WARN_INT_CONVERSION = YES;
				CLANG_WARN_OBJC_ROOT_CLASS = YES_ERROR;
				CLANG_WARN_UNREACHABLE_CODE = YES;
				CLANG_WARN__DUPLICATE_METHOD_MATCH = YES;
				"CODE_SIGN_IDENTITY[sdk=iphoneos*]" = "iPhone Developer";
				COPY_PHASE_STRIP = NO;
				DEBUG_INFORMATION_FORMAT = dwarf;
				ENABLE_STRICT_OBJC_MSGSEND = YES;
				ENABLE_TESTABILITY = YES;
				GCC_C_LANGUAGE_STANDARD = gnu99;
				GCC_DYNAMIC_NO_PIC = NO;
				GCC_NO_COMMON_BLOCKS = YES;
				GCC_OPTIMIZATION_LEVEL = 0;
				GCC_PREPROCESSOR_DEFINITIONS = (
					"DEBUG=1",
					"$(inherited)",
				);
				GCC_WARN_64_TO_32_BIT_CONVERSION = YES;
				GCC_WARN_ABOUT_RETURN_TYPE = YES_ERROR;
				GCC_WARN_UNDECLARED_SELECTOR = YES;
				GCC_WARN_UNINITIALIZED_AUTOS = YES_AGGRESSIVE;
				GCC_WARN_UNUSED_FUNCTION = YES;
				GCC_WARN_UNUSED_VARIABLE = YES;
				IPHONEOS_DEPLOYMENT_TARGET = 9.2;
				MTL_ENABLE_DEBUG_INFO = YES;
				ONLY_ACTIVE_ARCH = YES;
				OTHER_SWIFT_FLAGS = "-DMOCK";
				SDKROOT = iphoneos;
				SWIFT_OPTIMIZATION_LEVEL = "-Onone";
			};
			name = Debug;
		};
		54C0BF471C91E22D00D6A9E8 /* Release */ = {
			isa = XCBuildConfiguration;
			buildSettings = {
				ALWAYS_SEARCH_USER_PATHS = NO;
				CLANG_CXX_LANGUAGE_STANDARD = "gnu++0x";
				CLANG_CXX_LIBRARY = "libc++";
				CLANG_ENABLE_MODULES = YES;
				CLANG_ENABLE_OBJC_ARC = YES;
				CLANG_WARN_BOOL_CONVERSION = YES;
				CLANG_WARN_CONSTANT_CONVERSION = YES;
				CLANG_WARN_DIRECT_OBJC_ISA_USAGE = YES_ERROR;
				CLANG_WARN_EMPTY_BODY = YES;
				CLANG_WARN_ENUM_CONVERSION = YES;
				CLANG_WARN_INT_CONVERSION = YES;
				CLANG_WARN_OBJC_ROOT_CLASS = YES_ERROR;
				CLANG_WARN_UNREACHABLE_CODE = YES;
				CLANG_WARN__DUPLICATE_METHOD_MATCH = YES;
				"CODE_SIGN_IDENTITY[sdk=iphoneos*]" = "iPhone Developer";
				COPY_PHASE_STRIP = NO;
				DEBUG_INFORMATION_FORMAT = "dwarf-with-dsym";
				ENABLE_NS_ASSERTIONS = NO;
				ENABLE_STRICT_OBJC_MSGSEND = YES;
				GCC_C_LANGUAGE_STANDARD = gnu99;
				GCC_NO_COMMON_BLOCKS = YES;
				GCC_WARN_64_TO_32_BIT_CONVERSION = YES;
				GCC_WARN_ABOUT_RETURN_TYPE = YES_ERROR;
				GCC_WARN_UNDECLARED_SELECTOR = YES;
				GCC_WARN_UNINITIALIZED_AUTOS = YES_AGGRESSIVE;
				GCC_WARN_UNUSED_FUNCTION = YES;
				GCC_WARN_UNUSED_VARIABLE = YES;
				IPHONEOS_DEPLOYMENT_TARGET = 9.2;
				MTL_ENABLE_DEBUG_INFO = NO;
				SDKROOT = iphoneos;
				VALIDATE_PRODUCT = YES;
			};
			name = Release;
		};
		54C0BF491C91E22D00D6A9E8 /* Debug */ = {
			isa = XCBuildConfiguration;
			buildSettings = {
				ASSETCATALOG_COMPILER_APPICON_NAME = AppIcon;
				INFOPLIST_FILE = Shopping/Info.plist;
				LD_RUNPATH_SEARCH_PATHS = "$(inherited) @executable_path/Frameworks";
				OTHER_SWIFT_FLAGS = "$(inherited)";
				PRODUCT_BUNDLE_IDENTIFIER = ch.romi.Shopping;
				PRODUCT_NAME = "$(TARGET_NAME)";
			};
			name = Debug;
		};
		54C0BF4A1C91E22D00D6A9E8 /* Release */ = {
			isa = XCBuildConfiguration;
			buildSettings = {
				ASSETCATALOG_COMPILER_APPICON_NAME = AppIcon;
				INFOPLIST_FILE = Shopping/Info.plist;
				LD_RUNPATH_SEARCH_PATHS = "$(inherited) @executable_path/Frameworks";
				OTHER_SWIFT_FLAGS = "$(inherited)";
				PRODUCT_BUNDLE_IDENTIFIER = ch.romi.Shopping;
				PRODUCT_NAME = "$(TARGET_NAME)";
			};
			name = Release;
		};
		54C0BF4C1C91E22D00D6A9E8 /* Debug */ = {
			isa = XCBuildConfiguration;
			buildSettings = {
				BUNDLE_LOADER = "$(TEST_HOST)";
				INFOPLIST_FILE = ShoppingTests/Info.plist;
				LD_RUNPATH_SEARCH_PATHS = "$(inherited) @executable_path/Frameworks @loader_path/Frameworks";
				OTHER_SWIFT_FLAGS = "$(inherited)";
				PRODUCT_BUNDLE_IDENTIFIER = ch.romi.ShoppingTests;
				PRODUCT_NAME = "$(TARGET_NAME)";
				TEST_HOST = "$(BUILT_PRODUCTS_DIR)/Shopping.app/Shopping";
			};
			name = Debug;
		};
		54C0BF4D1C91E22D00D6A9E8 /* Release */ = {
			isa = XCBuildConfiguration;
			buildSettings = {
				BUNDLE_LOADER = "$(TEST_HOST)";
				INFOPLIST_FILE = ShoppingTests/Info.plist;
				LD_RUNPATH_SEARCH_PATHS = "$(inherited) @executable_path/Frameworks @loader_path/Frameworks";
				OTHER_SWIFT_FLAGS = "$(inherited)";
				PRODUCT_BUNDLE_IDENTIFIER = ch.romi.ShoppingTests;
				PRODUCT_NAME = "$(TARGET_NAME)";
				TEST_HOST = "$(BUILT_PRODUCTS_DIR)/Shopping.app/Shopping";
			};
			name = Release;
		};
		54C0BF4F1C91E22D00D6A9E8 /* Debug */ = {
			isa = XCBuildConfiguration;
			buildSettings = {
				INFOPLIST_FILE = ShoppingUITests/Info.plist;
				LD_RUNPATH_SEARCH_PATHS = "$(inherited) @executable_path/Frameworks @loader_path/Frameworks";
				PRODUCT_BUNDLE_IDENTIFIER = ch.romi.ShoppingUITests;
				PRODUCT_NAME = "$(TARGET_NAME)";
				TEST_TARGET_NAME = Shopping;
				USES_XCTRUNNER = YES;
			};
			name = Debug;
		};
		54C0BF501C91E22D00D6A9E8 /* Release */ = {
			isa = XCBuildConfiguration;
			buildSettings = {
				INFOPLIST_FILE = ShoppingUITests/Info.plist;
				LD_RUNPATH_SEARCH_PATHS = "$(inherited) @executable_path/Frameworks @loader_path/Frameworks";
				PRODUCT_BUNDLE_IDENTIFIER = ch.romi.ShoppingUITests;
				PRODUCT_NAME = "$(TARGET_NAME)";
				TEST_TARGET_NAME = Shopping;
				USES_XCTRUNNER = YES;
			};
			name = Release;
		};
/* End XCBuildConfiguration section */

/* Begin XCConfigurationList section */
		54C0BF1B1C91E22D00D6A9E8 /* Build configuration list for PBXProject "Shopping" */ = {
			isa = XCConfigurationList;
			buildConfigurations = (
				54C0BF461C91E22D00D6A9E8 /* Debug */,
				54C0BF471C91E22D00D6A9E8 /* Release */,
			);
			defaultConfigurationIsVisible = 0;
			defaultConfigurationName = Release;
		};
		54C0BF481C91E22D00D6A9E8 /* Build configuration list for PBXNativeTarget "Shopping" */ = {
			isa = XCConfigurationList;
			buildConfigurations = (
				54C0BF491C91E22D00D6A9E8 /* Debug */,
				54C0BF4A1C91E22D00D6A9E8 /* Release */,
			);
			defaultConfigurationIsVisible = 0;
			defaultConfigurationName = Release;
		};
		54C0BF4B1C91E22D00D6A9E8 /* Build configuration list for PBXNativeTarget "ShoppingTests" */ = {
			isa = XCConfigurationList;
			buildConfigurations = (
				54C0BF4C1C91E22D00D6A9E8 /* Debug */,
				54C0BF4D1C91E22D00D6A9E8 /* Release */,
			);
			defaultConfigurationIsVisible = 0;
			defaultConfigurationName = Release;
		};
		54C0BF4E1C91E22D00D6A9E8 /* Build configuration list for PBXNativeTarget "ShoppingUITests" */ = {
			isa = XCConfigurationList;
			buildConfigurations = (
				54C0BF4F1C91E22D00D6A9E8 /* Debug */,
				54C0BF501C91E22D00D6A9E8 /* Release */,
			);
			defaultConfigurationIsVisible = 0;
			defaultConfigurationName = Release;
		};
/* End XCConfigurationList section */
	};
	rootObject = 54C0BF181C91E22D00D6A9E8 /* Project object */;
}
